
Microsoft Visual Studio Solution File, Format Version 12.00
# Visual Studio Version 16
VisualStudioVersion = 16.0.32126.315
MinimumVisualStudioVersion = 10.0.40219.1
Project("{9A19103F-16F7-4668-BE54-9A1E7A4F7556}") = "PharmacyApp", "PharmacyApp\PharmacyApp.csproj", "{A41D44A7-8508-4EF9-A88F-37BDDB871C13}"
EndProject
Project("{9A19103F-16F7-4668-BE54-9A1E7A4F7556}") = "Models", "Models\Models.csproj", "{A48E310B-69D5-4868-BEE9-F37461955A0D}"
EndProject
Global
	GlobalSection(SolutionConfigurationPlatforms) = preSolution
		Debug|Any CPU = Debug|Any CPU
		Release|Any CPU = Release|Any CPU
	EndGlobalSection
	GlobalSection(ProjectConfigurationPlatforms) = postSolution
		{A41D44A7-8508-4EF9-A88F-37BDDB871C13}.Debug|Any CPU.ActiveCfg = Debug|Any CPU
		{A41D44A7-8508-4EF9-A88F-37BDDB871C13}.Debug|Any CPU.Build.0 = Debug|Any CPU
		{A41D44A7-8508-4EF9-A88F-37BDDB871C13}.Release|Any CPU.ActiveCfg = Release|Any CPU
		{A41D44A7-8508-4EF9-A88F-37BDDB871C13}.Release|Any CPU.Build.0 = Release|Any CPU
		{A48E310B-69D5-4868-BEE9-F37461955A0D}.Debug|Any CPU.ActiveCfg = Debug|Any CPU
		{A48E310B-69D5-4868-BEE9-F37461955A0D}.Debug|Any CPU.Build.0 = Debug|Any CPU
		{A48E310B-69D5-4868-BEE9-F37461955A0D}.Release|Any CPU.ActiveCfg = Release|Any CPU
		{A48E310B-69D5-4868-BEE9-F37461955A0D}.Release|Any CPU.Build.0 = Release|Any CPU
	EndGlobalSection
	GlobalSection(SolutionProperties) = preSolution
		HideSolutionNode = FALSE
	EndGlobalSection
	GlobalSection(ExtensibilityGlobals) = postSolution
		SolutionGuid = {0F3092F4-0EAE-410E-A765-D4EBE621C8E0}
	EndGlobalSection
EndGlobal
